
Microsoft Visual Studio Solution File, Format Version 12.00
# Visual Studio Version 16
VisualStudioVersion = 16.0.30608.117
MinimumVisualStudioVersion = 10.0.40219.1
Project("{9A19103F-16F7-4668-BE54-9A1E7A4F7556}") = "Netopes.Core.Helpers", "src\Helpers\Netopes.Core.Helpers.csproj", "{23BA1054-C564-4E19-9BCF-425C95A49E59}"
EndProject
Project("{9A19103F-16F7-4668-BE54-9A1E7A4F7556}") = "Netopes.Core.App", "src\App\Netopes.Core.App.csproj", "{2CB1618E-3CD6-45D4-88E9-0B7934233AA1}"
EndProject
Global
	GlobalSection(SolutionConfigurationPlatforms) = preSolution
		Debug|Any CPU = Debug|Any CPU
		Release|Any CPU = Release|Any CPU
	EndGlobalSection
	GlobalSection(ProjectConfigurationPlatforms) = postSolution
		{23BA1054-C564-4E19-9BCF-425C95A49E59}.Debug|Any CPU.ActiveCfg = Debug|Any CPU
		{23BA1054-C564-4E19-9BCF-425C95A49E59}.Debug|Any CPU.Build.0 = Debug|Any CPU
		{23BA1054-C564-4E19-9BCF-425C95A49E59}.Release|Any CPU.ActiveCfg = Release|Any CPU
		{23BA1054-C564-4E19-9BCF-425C95A49E59}.Release|Any CPU.Build.0 = Release|Any CPU
		{2CB1618E-3CD6-45D4-88E9-0B7934233AA1}.Debug|Any CPU.ActiveCfg = Debug|Any CPU
		{2CB1618E-3CD6-45D4-88E9-0B7934233AA1}.Debug|Any CPU.Build.0 = Debug|Any CPU
		{2CB1618E-3CD6-45D4-88E9-0B7934233AA1}.Release|Any CPU.ActiveCfg = Release|Any CPU
		{2CB1618E-3CD6-45D4-88E9-0B7934233AA1}.Release|Any CPU.Build.0 = Release|Any CPU
	EndGlobalSection
	GlobalSection(SolutionProperties) = preSolution
		HideSolutionNode = FALSE
	EndGlobalSection
	GlobalSection(ExtensibilityGlobals) = postSolution
		SolutionGuid = {B5A14E0A-2E74-4C1B-8BF9-0724E7A2F3F9}
	EndGlobalSection
EndGlobal
